// !$*UTF8*$!
{
	archiveVersion = 1;
	classes = {
	};
	objectVersion = 55;
	objects = {

/* Begin PBXBuildFile section */
		9C87FCCF291DD729004B107E /* UnitConverterApp.swift in Sources */ = {isa = PBXBuildFile; fileRef = 9C87FCCE291DD729004B107E /* UnitConverterApp.swift */; };
		9C87FCD1291DD729004B107E /* ContentView.swift in Sources */ = {isa = PBXBuildFile; fileRef = 9C87FCD0291DD729004B107E /* ContentView.swift */; };
		9C87FCD3291DD72B004B107E /* Assets.xcassets in Resources */ = {isa = PBXBuildFile; fileRef = 9C87FCD2291DD72B004B107E /* Assets.xcassets */; };
		9C87FCD6291DD72B004B107E /* Preview Assets.xcassets in Resources */ = {isa = PBXBuildFile; fileRef = 9C87FCD5291DD72B004B107E /* Preview Assets.xcassets */; };
		9C87FCDE2927FC7F004B107E /* NumberFieldView.swift in Sources */ = {isa = PBXBuildFile; fileRef = 9C87FCDD2927FC7F004B107E /* NumberFieldView.swift */; };
		9C87FCF529284B0A004B107E /* Manrope-ExtraBold.ttf in Resources */ = {isa = PBXBuildFile; fileRef = 9C87FCF429284B0A004B107E /* Manrope-ExtraBold.ttf */; };
		9C87FD0029286190004B107E /* Manrope-Bold.ttf in Resources */ = {isa = PBXBuildFile; fileRef = 9C87FCFA29286190004B107E /* Manrope-Bold.ttf */; };
		9C87FD0129286190004B107E /* Manrope-Light.ttf in Resources */ = {isa = PBXBuildFile; fileRef = 9C87FCFB29286190004B107E /* Manrope-Light.ttf */; };
		9C87FD0229286190004B107E /* Manrope-Regular.ttf in Resources */ = {isa = PBXBuildFile; fileRef = 9C87FCFC29286190004B107E /* Manrope-Regular.ttf */; };
		9C87FD0329286190004B107E /* Manrope-ExtraLight.ttf in Resources */ = {isa = PBXBuildFile; fileRef = 9C87FCFD29286190004B107E /* Manrope-ExtraLight.ttf */; };
		9C87FD0429286190004B107E /* Manrope-SemiBold.ttf in Resources */ = {isa = PBXBuildFile; fileRef = 9C87FCFE29286190004B107E /* Manrope-SemiBold.ttf */; };
		9C87FD0529286190004B107E /* Manrope-Medium.ttf in Resources */ = {isa = PBXBuildFile; fileRef = 9C87FCFF29286190004B107E /* Manrope-Medium.ttf */; };
		9C87FD07292867BF004B107E /* SourceCodePro-Regular.ttf in Resources */ = {isa = PBXBuildFile; fileRef = 9C87FD06292867BF004B107E /* SourceCodePro-Regular.ttf */; };
		9C87FD0F29296BA3004B107E /* LengthConverter.swift in Sources */ = {isa = PBXBuildFile; fileRef = 9C87FD0E29296BA3004B107E /* LengthConverter.swift */; };
		9C87FD1129296BCA004B107E /* Converter.swift in Sources */ = {isa = PBXBuildFile; fileRef = 9C87FD1029296BCA004B107E /* Converter.swift */; };
		9C87FD15292D9173004B107E /* Temperature.swift in Sources */ = {isa = PBXBuildFile; fileRef = 9C87FD14292D9173004B107E /* Temperature.swift */; };
		9C87FD17292D926D004B107E /* Length.swift in Sources */ = {isa = PBXBuildFile; fileRef = 9C87FD16292D926D004B107E /* Length.swift */; };
		9C87FD19292D945E004B107E /* UnitSwitcherView.swift in Sources */ = {isa = PBXBuildFile; fileRef = 9C87FD18292D945E004B107E /* UnitSwitcherView.swift */; };
		9C87FD1B292E8965004B107E /* Unit.swift in Sources */ = {isa = PBXBuildFile; fileRef = 9C87FD1A292E8965004B107E /* Unit.swift */; };
		9C87FD1D293A769A004B107E /* UnitGroup.swift in Sources */ = {isa = PBXBuildFile; fileRef = 9C87FD1C293A769A004B107E /* UnitGroup.swift */; };
		9C87FD1F293A7C36004B107E /* UnitUtils.swift in Sources */ = {isa = PBXBuildFile; fileRef = 9C87FD1E293A7C36004B107E /* UnitUtils.swift */; };
		9C87FD23293A91A0004B107E /* UnitProtocol.swift in Sources */ = {isa = PBXBuildFile; fileRef = 9C87FD22293A91A0004B107E /* UnitProtocol.swift */; };
		9C87FD25293BA1D1004B107E /* UnitType.swift in Sources */ = {isa = PBXBuildFile; fileRef = 9C87FD24293BA1D1004B107E /* UnitType.swift */; };
		9C87FD27293C2EC5004B107E /* BootUp.swift in Sources */ = {isa = PBXBuildFile; fileRef = 9C87FD26293C2EC5004B107E /* BootUp.swift */; };
		9C87FD2929462F83004B107E /* TemperatureConverter.swift in Sources */ = {isa = PBXBuildFile; fileRef = 9C87FD2829462F83004B107E /* TemperatureConverter.swift */; };
		9C87FD312949FD5A004B107E /* UnitConverterTests.swift in Sources */ = {isa = PBXBuildFile; fileRef = 9C87FD302949FD5A004B107E /* UnitConverterTests.swift */; };
		9CF391312954BF95000A7514 /* SpeedConverter.swift in Sources */ = {isa = PBXBuildFile; fileRef = 9CF391302954BF95000A7514 /* SpeedConverter.swift */; };
		9CF391352954C135000A7514 /* Speed.swift in Sources */ = {isa = PBXBuildFile; fileRef = 9CF391342954C135000A7514 /* Speed.swift */; };
		9CF391372954CE96000A7514 /* TimeConverter.swift in Sources */ = {isa = PBXBuildFile; fileRef = 9CF391362954CE96000A7514 /* TimeConverter.swift */; };
		9CF391392954CED4000A7514 /* Time.swift in Sources */ = {isa = PBXBuildFile; fileRef = 9CF391382954CED4000A7514 /* Time.swift */; };
		9CF3913B2954D2B4000A7514 /* SpeedConverterTests.swift in Sources */ = {isa = PBXBuildFile; fileRef = 9CF3913A2954D2B4000A7514 /* SpeedConverterTests.swift */; };
		9CF3913D2954D3B3000A7514 /* TestUtils.swift in Sources */ = {isa = PBXBuildFile; fileRef = 9CF3913C2954D3B3000A7514 /* TestUtils.swift */; };
		9CF3913F2954D76F000A7514 /* TimeConverterTests.swift in Sources */ = {isa = PBXBuildFile; fileRef = 9CF3913E2954D76F000A7514 /* TimeConverterTests.swift */; };
/* End PBXBuildFile section */

/* Begin PBXContainerItemProxy section */
		9C87FD322949FD5A004B107E /* PBXContainerItemProxy */ = {
			isa = PBXContainerItemProxy;
			containerPortal = 9C87FCC3291DD729004B107E /* Project object */;
			proxyType = 1;
			remoteGlobalIDString = 9C87FCCA291DD729004B107E;
			remoteInfo = UnitConverter;
		};
/* End PBXContainerItemProxy section */

/* Begin PBXFileReference section */
		9C87FCCB291DD729004B107E /* UnitConverter.app */ = {isa = PBXFileReference; explicitFileType = wrapper.application; includeInIndex = 0; path = UnitConverter.app; sourceTree = BUILT_PRODUCTS_DIR; };
		9C87FCCE291DD729004B107E /* UnitConverterApp.swift */ = {isa = PBXFileReference; lastKnownFileType = sourcecode.swift; path = UnitConverterApp.swift; sourceTree = "<group>"; };
		9C87FCD0291DD729004B107E /* ContentView.swift */ = {isa = PBXFileReference; lastKnownFileType = sourcecode.swift; path = ContentView.swift; sourceTree = "<group>"; };
		9C87FCD2291DD72B004B107E /* Assets.xcassets */ = {isa = PBXFileReference; lastKnownFileType = folder.assetcatalog; path = Assets.xcassets; sourceTree = "<group>"; };
		9C87FCD5291DD72B004B107E /* Preview Assets.xcassets */ = {isa = PBXFileReference; lastKnownFileType = folder.assetcatalog; path = "Preview Assets.xcassets"; sourceTree = "<group>"; };
		9C87FCDD2927FC7F004B107E /* NumberFieldView.swift */ = {isa = PBXFileReference; lastKnownFileType = sourcecode.swift; path = NumberFieldView.swift; sourceTree = "<group>"; };
		9C87FCF429284B0A004B107E /* Manrope-ExtraBold.ttf */ = {isa = PBXFileReference; lastKnownFileType = file; name = "Manrope-ExtraBold.ttf"; path = "UnitConverter/Fonts/Manrope-ExtraBold.ttf"; sourceTree = SOURCE_ROOT; };
		9C87FCF829285DDA004B107E /* Info.plist */ = {isa = PBXFileReference; lastKnownFileType = text.plist.xml; name = Info.plist; path = /Users/bennelson/Documents/Git_Repositories/UnitConverter/UnitConverter/UnitConverter/Info.plist; sourceTree = "<absolute>"; };
		9C87FCFA29286190004B107E /* Manrope-Bold.ttf */ = {isa = PBXFileReference; lastKnownFileType = file; path = "Manrope-Bold.ttf"; sourceTree = "<group>"; };
		9C87FCFB29286190004B107E /* Manrope-Light.ttf */ = {isa = PBXFileReference; lastKnownFileType = file; path = "Manrope-Light.ttf"; sourceTree = "<group>"; };
		9C87FCFC29286190004B107E /* Manrope-Regular.ttf */ = {isa = PBXFileReference; lastKnownFileType = file; path = "Manrope-Regular.ttf"; sourceTree = "<group>"; };
		9C87FCFD29286190004B107E /* Manrope-ExtraLight.ttf */ = {isa = PBXFileReference; lastKnownFileType = file; path = "Manrope-ExtraLight.ttf"; sourceTree = "<group>"; };
		9C87FCFE29286190004B107E /* Manrope-SemiBold.ttf */ = {isa = PBXFileReference; lastKnownFileType = file; path = "Manrope-SemiBold.ttf"; sourceTree = "<group>"; };
		9C87FCFF29286190004B107E /* Manrope-Medium.ttf */ = {isa = PBXFileReference; lastKnownFileType = file; path = "Manrope-Medium.ttf"; sourceTree = "<group>"; };
		9C87FD06292867BF004B107E /* SourceCodePro-Regular.ttf */ = {isa = PBXFileReference; lastKnownFileType = file; path = "SourceCodePro-Regular.ttf"; sourceTree = "<group>"; };
		9C87FD0E29296BA3004B107E /* LengthConverter.swift */ = {isa = PBXFileReference; lastKnownFileType = sourcecode.swift; path = LengthConverter.swift; sourceTree = "<group>"; };
		9C87FD1029296BCA004B107E /* Converter.swift */ = {isa = PBXFileReference; lastKnownFileType = sourcecode.swift; path = Converter.swift; sourceTree = "<group>"; };
		9C87FD14292D9173004B107E /* Temperature.swift */ = {isa = PBXFileReference; lastKnownFileType = sourcecode.swift; path = Temperature.swift; sourceTree = "<group>"; };
		9C87FD16292D926D004B107E /* Length.swift */ = {isa = PBXFileReference; lastKnownFileType = sourcecode.swift; path = Length.swift; sourceTree = "<group>"; };
		9C87FD18292D945E004B107E /* UnitSwitcherView.swift */ = {isa = PBXFileReference; lastKnownFileType = sourcecode.swift; path = UnitSwitcherView.swift; sourceTree = "<group>"; };
		9C87FD1A292E8965004B107E /* Unit.swift */ = {isa = PBXFileReference; lastKnownFileType = sourcecode.swift; path = Unit.swift; sourceTree = "<group>"; };
		9C87FD1C293A769A004B107E /* UnitGroup.swift */ = {isa = PBXFileReference; lastKnownFileType = sourcecode.swift; path = UnitGroup.swift; sourceTree = "<group>"; };
		9C87FD1E293A7C36004B107E /* UnitUtils.swift */ = {isa = PBXFileReference; lastKnownFileType = sourcecode.swift; path = UnitUtils.swift; sourceTree = "<group>"; };
		9C87FD22293A91A0004B107E /* UnitProtocol.swift */ = {isa = PBXFileReference; lastKnownFileType = sourcecode.swift; path = UnitProtocol.swift; sourceTree = "<group>"; };
		9C87FD24293BA1D1004B107E /* UnitType.swift */ = {isa = PBXFileReference; lastKnownFileType = sourcecode.swift; path = UnitType.swift; sourceTree = "<group>"; };
		9C87FD26293C2EC5004B107E /* BootUp.swift */ = {isa = PBXFileReference; lastKnownFileType = sourcecode.swift; path = BootUp.swift; sourceTree = "<group>"; };
		9C87FD2829462F83004B107E /* TemperatureConverter.swift */ = {isa = PBXFileReference; lastKnownFileType = sourcecode.swift; path = TemperatureConverter.swift; sourceTree = "<group>"; };
		9C87FD2E2949FD5A004B107E /* UnitConverterTests.xctest */ = {isa = PBXFileReference; explicitFileType = wrapper.cfbundle; includeInIndex = 0; path = UnitConverterTests.xctest; sourceTree = BUILT_PRODUCTS_DIR; };
		9C87FD302949FD5A004B107E /* UnitConverterTests.swift */ = {isa = PBXFileReference; lastKnownFileType = sourcecode.swift; path = UnitConverterTests.swift; sourceTree = "<group>"; };
		9CF391302954BF95000A7514 /* SpeedConverter.swift */ = {isa = PBXFileReference; lastKnownFileType = sourcecode.swift; path = SpeedConverter.swift; sourceTree = "<group>"; };
		9CF391342954C135000A7514 /* Speed.swift */ = {isa = PBXFileReference; lastKnownFileType = sourcecode.swift; path = Speed.swift; sourceTree = "<group>"; };
		9CF391362954CE96000A7514 /* TimeConverter.swift */ = {isa = PBXFileReference; lastKnownFileType = sourcecode.swift; path = TimeConverter.swift; sourceTree = "<group>"; };
		9CF391382954CED4000A7514 /* Time.swift */ = {isa = PBXFileReference; lastKnownFileType = sourcecode.swift; path = Time.swift; sourceTree = "<group>"; };
		9CF3913A2954D2B4000A7514 /* SpeedConverterTests.swift */ = {isa = PBXFileReference; lastKnownFileType = sourcecode.swift; path = SpeedConverterTests.swift; sourceTree = "<group>"; };
		9CF3913C2954D3B3000A7514 /* TestUtils.swift */ = {isa = PBXFileReference; lastKnownFileType = sourcecode.swift; path = TestUtils.swift; sourceTree = "<group>"; };
		9CF3913E2954D76F000A7514 /* TimeConverterTests.swift */ = {isa = PBXFileReference; lastKnownFileType = sourcecode.swift; path = TimeConverterTests.swift; sourceTree = "<group>"; };
/* End PBXFileReference section */

/* Begin PBXFrameworksBuildPhase section */
		9C87FCC8291DD729004B107E /* Frameworks */ = {
			isa = PBXFrameworksBuildPhase;
			buildActionMask = 2147483647;
			files = (
			);
			runOnlyForDeploymentPostprocessing = 0;
		};
		9C87FD2B2949FD5A004B107E /* Frameworks */ = {
			isa = PBXFrameworksBuildPhase;
			buildActionMask = 2147483647;
			files = (
			);
			runOnlyForDeploymentPostprocessing = 0;
		};
/* End PBXFrameworksBuildPhase section */

/* Begin PBXGroup section */
		9C87FCC2291DD729004B107E = {
			isa = PBXGroup;
			children = (
				9C87FCCD291DD729004B107E /* UnitConverter */,
				9C87FD2F2949FD5A004B107E /* UnitConverterTests */,
				9C87FCCC291DD729004B107E /* Products */,
			);
			sourceTree = "<group>";
		};
		9C87FCCC291DD729004B107E /* Products */ = {
			isa = PBXGroup;
			children = (
				9C87FCCB291DD729004B107E /* UnitConverter.app */,
				9C87FD2E2949FD5A004B107E /* UnitConverterTests.xctest */,
			);
			name = Products;
			sourceTree = "<group>";
		};
		9C87FCCD291DD729004B107E /* UnitConverter */ = {
			isa = PBXGroup;
			children = (
				9C87FCCE291DD729004B107E /* UnitConverterApp.swift */,
				9C87FCD0291DD729004B107E /* ContentView.swift */,
				9C87FD18292D945E004B107E /* UnitSwitcherView.swift */,
				9C87FD0B29295369004B107E /* Utilities */,
				9C87FD0829291184004B107E /* Model */,
				9C87FCDF292802D8004B107E /* Fonts */,
				9C87FCDC2927FC3C004B107E /* Components */,
				9C87FCD2291DD72B004B107E /* Assets.xcassets */,
				9C87FCD4291DD72B004B107E /* Preview Content */,
				9C87FCF829285DDA004B107E /* Info.plist */,
			);
			path = UnitConverter;
			sourceTree = "<group>";
		};
		9C87FCD4291DD72B004B107E /* Preview Content */ = {
			isa = PBXGroup;
			children = (
				9C87FCD5291DD72B004B107E /* Preview Assets.xcassets */,
			);
			path = "Preview Content";
			sourceTree = "<group>";
		};
		9C87FCDC2927FC3C004B107E /* Components */ = {
			isa = PBXGroup;
			children = (
				9C87FCDD2927FC7F004B107E /* NumberFieldView.swift */,
			);
			path = Components;
			sourceTree = "<group>";
		};
		9C87FCDF292802D8004B107E /* Fonts */ = {
			isa = PBXGroup;
			children = (
				9C87FD06292867BF004B107E /* SourceCodePro-Regular.ttf */,
				9C87FCF429284B0A004B107E /* Manrope-ExtraBold.ttf */,
				9C87FCFA29286190004B107E /* Manrope-Bold.ttf */,
				9C87FCFD29286190004B107E /* Manrope-ExtraLight.ttf */,
				9C87FCFB29286190004B107E /* Manrope-Light.ttf */,
				9C87FCFF29286190004B107E /* Manrope-Medium.ttf */,
				9C87FCFC29286190004B107E /* Manrope-Regular.ttf */,
				9C87FCFE29286190004B107E /* Manrope-SemiBold.ttf */,
			);
			path = Fonts;
			sourceTree = "<group>";
		};
		9C87FD0829291184004B107E /* Model */ = {
			isa = PBXGroup;
			children = (
				9C87FD24293BA1D1004B107E /* UnitType.swift */,
				9C87FD22293A91A0004B107E /* UnitProtocol.swift */,
				9C87FD16292D926D004B107E /* Length.swift */,
				9C87FD14292D9173004B107E /* Temperature.swift */,
				9CF391342954C135000A7514 /* Speed.swift */,
				9CF391382954CED4000A7514 /* Time.swift */,
				9C87FD1A292E8965004B107E /* Unit.swift */,
				9C87FD1C293A769A004B107E /* UnitGroup.swift */,
				9C87FD26293C2EC5004B107E /* BootUp.swift */,
			);
			path = Model;
			sourceTree = "<group>";
		};
		9C87FD0B29295369004B107E /* Utilities */ = {
			isa = PBXGroup;
			children = (
				9C87FD1E293A7C36004B107E /* UnitUtils.swift */,
				9C87FD1029296BCA004B107E /* Converter.swift */,
				9C87FD0E29296BA3004B107E /* LengthConverter.swift */,
				9C87FD2829462F83004B107E /* TemperatureConverter.swift */,
				9CF391302954BF95000A7514 /* SpeedConverter.swift */,
				9CF391362954CE96000A7514 /* TimeConverter.swift */,
			);
			path = Utilities;
			sourceTree = "<group>";
		};
		9C87FD2F2949FD5A004B107E /* UnitConverterTests */ = {
			isa = PBXGroup;
			children = (
				9C87FD302949FD5A004B107E /* UnitConverterTests.swift */,
				9CF3913A2954D2B4000A7514 /* SpeedConverterTests.swift */,
				9CF3913E2954D76F000A7514 /* TimeConverterTests.swift */,
				9CF3913C2954D3B3000A7514 /* TestUtils.swift */,
			);
			path = UnitConverterTests;
			sourceTree = "<group>";
		};
/* End PBXGroup section */

/* Begin PBXNativeTarget section */
		9C87FCCA291DD729004B107E /* UnitConverter */ = {
			isa = PBXNativeTarget;
			buildConfigurationList = 9C87FCD9291DD72B004B107E /* Build configuration list for PBXNativeTarget "UnitConverter" */;
			buildPhases = (
				9C87FCC7291DD729004B107E /* Sources */,
				9C87FCC8291DD729004B107E /* Frameworks */,
				9C87FCC9291DD729004B107E /* Resources */,
			);
			buildRules = (
			);
			dependencies = (
			);
			name = UnitConverter;
			productName = UnitConverter;
			productReference = 9C87FCCB291DD729004B107E /* UnitConverter.app */;
			productType = "com.apple.product-type.application";
		};
		9C87FD2D2949FD5A004B107E /* UnitConverterTests */ = {
			isa = PBXNativeTarget;
			buildConfigurationList = 9C87FD342949FD5A004B107E /* Build configuration list for PBXNativeTarget "UnitConverterTests" */;
			buildPhases = (
				9C87FD2A2949FD5A004B107E /* Sources */,
				9C87FD2B2949FD5A004B107E /* Frameworks */,
				9C87FD2C2949FD5A004B107E /* Resources */,
			);
			buildRules = (
			);
			dependencies = (
				9C87FD332949FD5A004B107E /* PBXTargetDependency */,
			);
			name = UnitConverterTests;
			productName = UnitConverterTests;
			productReference = 9C87FD2E2949FD5A004B107E /* UnitConverterTests.xctest */;
			productType = "com.apple.product-type.bundle.unit-test";
		};
/* End PBXNativeTarget section */

/* Begin PBXProject section */
		9C87FCC3291DD729004B107E /* Project object */ = {
			isa = PBXProject;
			attributes = {
				BuildIndependentTargetsInParallel = 1;
				LastSwiftUpdateCheck = 1320;
				LastUpgradeCheck = 1320;
				TargetAttributes = {
					9C87FCCA291DD729004B107E = {
						CreatedOnToolsVersion = 13.2.1;
					};
					9C87FD2D2949FD5A004B107E = {
						CreatedOnToolsVersion = 13.2.1;
						TestTargetID = 9C87FCCA291DD729004B107E;
					};
				};
			};
			buildConfigurationList = 9C87FCC6291DD729004B107E /* Build configuration list for PBXProject "UnitConverter" */;
			compatibilityVersion = "Xcode 13.0";
			developmentRegion = en;
			hasScannedForEncodings = 0;
			knownRegions = (
				en,
				Base,
			);
			mainGroup = 9C87FCC2291DD729004B107E;
			productRefGroup = 9C87FCCC291DD729004B107E /* Products */;
			projectDirPath = "";
			projectRoot = "";
			targets = (
				9C87FCCA291DD729004B107E /* UnitConverter */,
				9C87FD2D2949FD5A004B107E /* UnitConverterTests */,
			);
		};
/* End PBXProject section */

/* Begin PBXResourcesBuildPhase section */
		9C87FCC9291DD729004B107E /* Resources */ = {
			isa = PBXResourcesBuildPhase;
			buildActionMask = 2147483647;
			files = (
				9C87FD0029286190004B107E /* Manrope-Bold.ttf in Resources */,
				9C87FCF529284B0A004B107E /* Manrope-ExtraBold.ttf in Resources */,
				9C87FD0229286190004B107E /* Manrope-Regular.ttf in Resources */,
				9C87FD07292867BF004B107E /* SourceCodePro-Regular.ttf in Resources */,
				9C87FCD6291DD72B004B107E /* Preview Assets.xcassets in Resources */,
				9C87FCD3291DD72B004B107E /* Assets.xcassets in Resources */,
				9C87FD0329286190004B107E /* Manrope-ExtraLight.ttf in Resources */,
				9C87FD0529286190004B107E /* Manrope-Medium.ttf in Resources */,
				9C87FD0429286190004B107E /* Manrope-SemiBold.ttf in Resources */,
				9C87FD0129286190004B107E /* Manrope-Light.ttf in Resources */,
			);
			runOnlyForDeploymentPostprocessing = 0;
		};
		9C87FD2C2949FD5A004B107E /* Resources */ = {
			isa = PBXResourcesBuildPhase;
			buildActionMask = 2147483647;
			files = (
			);
			runOnlyForDeploymentPostprocessing = 0;
		};
/* End PBXResourcesBuildPhase section */

/* Begin PBXSourcesBuildPhase section */
		9C87FCC7291DD729004B107E /* Sources */ = {
			isa = PBXSourcesBuildPhase;
			buildActionMask = 2147483647;
			files = (
				9C87FD2929462F83004B107E /* TemperatureConverter.swift in Sources */,
				9CF391392954CED4000A7514 /* Time.swift in Sources */,
				9CF391352954C135000A7514 /* Speed.swift in Sources */,
				9C87FD19292D945E004B107E /* UnitSwitcherView.swift in Sources */,
				9CF391372954CE96000A7514 /* TimeConverter.swift in Sources */,
				9C87FCD1291DD729004B107E /* ContentView.swift in Sources */,
				9C87FD17292D926D004B107E /* Length.swift in Sources */,
				9C87FD23293A91A0004B107E /* UnitProtocol.swift in Sources */,
				9C87FCCF291DD729004B107E /* UnitConverterApp.swift in Sources */,
				9C87FD15292D9173004B107E /* Temperature.swift in Sources */,
				9C87FD1B292E8965004B107E /* Unit.swift in Sources */,
				9CF391312954BF95000A7514 /* SpeedConverter.swift in Sources */,
				9C87FD1D293A769A004B107E /* UnitGroup.swift in Sources */,
				9C87FD27293C2EC5004B107E /* BootUp.swift in Sources */,
				9C87FD25293BA1D1004B107E /* UnitType.swift in Sources */,
				9C87FD1129296BCA004B107E /* Converter.swift in Sources */,
				9C87FCDE2927FC7F004B107E /* NumberFieldView.swift in Sources */,
				9C87FD0F29296BA3004B107E /* LengthConverter.swift in Sources */,
				9C87FD1F293A7C36004B107E /* UnitUtils.swift in Sources */,
			);
			runOnlyForDeploymentPostprocessing = 0;
		};
		9C87FD2A2949FD5A004B107E /* Sources */ = {
			isa = PBXSourcesBuildPhase;
			buildActionMask = 2147483647;
			files = (
				9CF3913B2954D2B4000A7514 /* SpeedConverterTests.swift in Sources */,
				9CF3913F2954D76F000A7514 /* TimeConverterTests.swift in Sources */,
				9CF3913D2954D3B3000A7514 /* TestUtils.swift in Sources */,
				9C87FD312949FD5A004B107E /* UnitConverterTests.swift in Sources */,
			);
			runOnlyForDeploymentPostprocessing = 0;
		};
/* End PBXSourcesBuildPhase section */

/* Begin PBXTargetDependency section */
		9C87FD332949FD5A004B107E /* PBXTargetDependency */ = {
			isa = PBXTargetDependency;
			target = 9C87FCCA291DD729004B107E /* UnitConverter */;
			targetProxy = 9C87FD322949FD5A004B107E /* PBXContainerItemProxy */;
		};
/* End PBXTargetDependency section */

/* Begin XCBuildConfiguration section */
		9C87FCD7291DD72B004B107E /* Debug */ = {
			isa = XCBuildConfiguration;
			buildSettings = {
				ALWAYS_SEARCH_USER_PATHS = NO;
				CLANG_ANALYZER_NONNULL = YES;
				CLANG_ANALYZER_NUMBER_OBJECT_CONVERSION = YES_AGGRESSIVE;
				CLANG_CXX_LANGUAGE_STANDARD = "gnu++17";
				CLANG_CXX_LIBRARY = "libc++";
				CLANG_ENABLE_MODULES = YES;
				CLANG_ENABLE_OBJC_ARC = YES;
				CLANG_ENABLE_OBJC_WEAK = YES;
				CLANG_WARN_BLOCK_CAPTURE_AUTORELEASING = YES;
				CLANG_WARN_BOOL_CONVERSION = YES;
				CLANG_WARN_COMMA = YES;
				CLANG_WARN_CONSTANT_CONVERSION = YES;
				CLANG_WARN_DEPRECATED_OBJC_IMPLEMENTATIONS = YES;
				CLANG_WARN_DIRECT_OBJC_ISA_USAGE = YES_ERROR;
				CLANG_WARN_DOCUMENTATION_COMMENTS = YES;
				CLANG_WARN_EMPTY_BODY = YES;
				CLANG_WARN_ENUM_CONVERSION = YES;
				CLANG_WARN_INFINITE_RECURSION = YES;
				CLANG_WARN_INT_CONVERSION = YES;
				CLANG_WARN_NON_LITERAL_NULL_CONVERSION = YES;
				CLANG_WARN_OBJC_IMPLICIT_RETAIN_SELF = YES;
				CLANG_WARN_OBJC_LITERAL_CONVERSION = YES;
				CLANG_WARN_OBJC_ROOT_CLASS = YES_ERROR;
				CLANG_WARN_QUOTED_INCLUDE_IN_FRAMEWORK_HEADER = YES;
				CLANG_WARN_RANGE_LOOP_ANALYSIS = YES;
				CLANG_WARN_STRICT_PROTOTYPES = YES;
				CLANG_WARN_SUSPICIOUS_MOVE = YES;
				CLANG_WARN_UNGUARDED_AVAILABILITY = YES_AGGRESSIVE;
				CLANG_WARN_UNREACHABLE_CODE = YES;
				CLANG_WARN__DUPLICATE_METHOD_MATCH = YES;
				COPY_PHASE_STRIP = NO;
				DEBUG_INFORMATION_FORMAT = dwarf;
				ENABLE_STRICT_OBJC_MSGSEND = YES;
				ENABLE_TESTABILITY = YES;
				GCC_C_LANGUAGE_STANDARD = gnu11;
				GCC_DYNAMIC_NO_PIC = NO;
				GCC_NO_COMMON_BLOCKS = YES;
				GCC_OPTIMIZATION_LEVEL = 0;
				GCC_PREPROCESSOR_DEFINITIONS = (
					"DEBUG=1",
					"$(inherited)",
				);
				GCC_WARN_64_TO_32_BIT_CONVERSION = YES;
				GCC_WARN_ABOUT_RETURN_TYPE = YES_ERROR;
				GCC_WARN_UNDECLARED_SELECTOR = YES;
				GCC_WARN_UNINITIALIZED_AUTOS = YES_AGGRESSIVE;
				GCC_WARN_UNUSED_FUNCTION = YES;
				GCC_WARN_UNUSED_VARIABLE = YES;
				IPHONEOS_DEPLOYMENT_TARGET = 15.2;
				MTL_ENABLE_DEBUG_INFO = INCLUDE_SOURCE;
				MTL_FAST_MATH = YES;
				ONLY_ACTIVE_ARCH = YES;
				SDKROOT = iphoneos;
				SWIFT_ACTIVE_COMPILATION_CONDITIONS = DEBUG;
				SWIFT_OPTIMIZATION_LEVEL = "-Onone";
			};
			name = Debug;
		};
		9C87FCD8291DD72B004B107E /* Release */ = {
			isa = XCBuildConfiguration;
			buildSettings = {
				ALWAYS_SEARCH_USER_PATHS = NO;
				CLANG_ANALYZER_NONNULL = YES;
				CLANG_ANALYZER_NUMBER_OBJECT_CONVERSION = YES_AGGRESSIVE;
				CLANG_CXX_LANGUAGE_STANDARD = "gnu++17";
				CLANG_CXX_LIBRARY = "libc++";
				CLANG_ENABLE_MODULES = YES;
				CLANG_ENABLE_OBJC_ARC = YES;
				CLANG_ENABLE_OBJC_WEAK = YES;
				CLANG_WARN_BLOCK_CAPTURE_AUTORELEASING = YES;
				CLANG_WARN_BOOL_CONVERSION = YES;
				CLANG_WARN_COMMA = YES;
				CLANG_WARN_CONSTANT_CONVERSION = YES;
				CLANG_WARN_DEPRECATED_OBJC_IMPLEMENTATIONS = YES;
				CLANG_WARN_DIRECT_OBJC_ISA_USAGE = YES_ERROR;
				CLANG_WARN_DOCUMENTATION_COMMENTS = YES;
				CLANG_WARN_EMPTY_BODY = YES;
				CLANG_WARN_ENUM_CONVERSION = YES;
				CLANG_WARN_INFINITE_RECURSION = YES;
				CLANG_WARN_INT_CONVERSION = YES;
				CLANG_WARN_NON_LITERAL_NULL_CONVERSION = YES;
				CLANG_WARN_OBJC_IMPLICIT_RETAIN_SELF = YES;
				CLANG_WARN_OBJC_LITERAL_CONVERSION = YES;
				CLANG_WARN_OBJC_ROOT_CLASS = YES_ERROR;
				CLANG_WARN_QUOTED_INCLUDE_IN_FRAMEWORK_HEADER = YES;
				CLANG_WARN_RANGE_LOOP_ANALYSIS = YES;
				CLANG_WARN_STRICT_PROTOTYPES = YES;
				CLANG_WARN_SUSPICIOUS_MOVE = YES;
				CLANG_WARN_UNGUARDED_AVAILABILITY = YES_AGGRESSIVE;
				CLANG_WARN_UNREACHABLE_CODE = YES;
				CLANG_WARN__DUPLICATE_METHOD_MATCH = YES;
				COPY_PHASE_STRIP = NO;
				DEBUG_INFORMATION_FORMAT = "dwarf-with-dsym";
				ENABLE_NS_ASSERTIONS = NO;
				ENABLE_STRICT_OBJC_MSGSEND = YES;
				GCC_C_LANGUAGE_STANDARD = gnu11;
				GCC_NO_COMMON_BLOCKS = YES;
				GCC_WARN_64_TO_32_BIT_CONVERSION = YES;
				GCC_WARN_ABOUT_RETURN_TYPE = YES_ERROR;
				GCC_WARN_UNDECLARED_SELECTOR = YES;
				GCC_WARN_UNINITIALIZED_AUTOS = YES_AGGRESSIVE;
				GCC_WARN_UNUSED_FUNCTION = YES;
				GCC_WARN_UNUSED_VARIABLE = YES;
				IPHONEOS_DEPLOYMENT_TARGET = 15.2;
				MTL_ENABLE_DEBUG_INFO = NO;
				MTL_FAST_MATH = YES;
				SDKROOT = iphoneos;
				SWIFT_COMPILATION_MODE = wholemodule;
				SWIFT_OPTIMIZATION_LEVEL = "-O";
				VALIDATE_PRODUCT = YES;
			};
			name = Release;
		};
		9C87FCDA291DD72B004B107E /* Debug */ = {
			isa = XCBuildConfiguration;
			buildSettings = {
				ASSETCATALOG_COMPILER_APPICON_NAME = AppIcon;
				ASSETCATALOG_COMPILER_GLOBAL_ACCENT_COLOR_NAME = AccentColor;
				CODE_SIGN_STYLE = Automatic;
				CURRENT_PROJECT_VERSION = 1;
				DEVELOPMENT_ASSET_PATHS = "\"UnitConverter/Preview Content\"";
				DEVELOPMENT_TEAM = "";
				ENABLE_PREVIEWS = YES;
				GENERATE_INFOPLIST_FILE = NO;
				INFOPLIST_FILE = /Users/bennelson/Documents/Git_Repositories/UnitConverter/UnitConverter/UnitConverter/Info.plist;
				INFOPLIST_KEY_UIApplicationSceneManifest_Generation = YES;
				INFOPLIST_KEY_UIApplicationSupportsIndirectInputEvents = YES;
				INFOPLIST_KEY_UILaunchScreen_Generation = YES;
				INFOPLIST_KEY_UISupportedInterfaceOrientations_iPad = "UIInterfaceOrientationPortrait UIInterfaceOrientationPortraitUpsideDown UIInterfaceOrientationLandscapeLeft UIInterfaceOrientationLandscapeRight";
				INFOPLIST_KEY_UISupportedInterfaceOrientations_iPhone = "UIInterfaceOrientationPortrait UIInterfaceOrientationLandscapeLeft UIInterfaceOrientationLandscapeRight";
				IPHONEOS_DEPLOYMENT_TARGET = 15.2;
				LD_RUNPATH_SEARCH_PATHS = (
					"$(inherited)",
					"@executable_path/Frameworks",
				);
				MARKETING_VERSION = 1.0;
				PRODUCT_BUNDLE_IDENTIFIER = com.twoamdev.UnitConverter;
				PRODUCT_NAME = "$(TARGET_NAME)";
				SWIFT_EMIT_LOC_STRINGS = YES;
				SWIFT_VERSION = 5.0;
				TARGETED_DEVICE_FAMILY = "1,2";
			};
			name = Debug;
		};
		9C87FCDB291DD72B004B107E /* Release */ = {
			isa = XCBuildConfiguration;
			buildSettings = {
				ASSETCATALOG_COMPILER_APPICON_NAME = AppIcon;
				ASSETCATALOG_COMPILER_GLOBAL_ACCENT_COLOR_NAME = AccentColor;
				CODE_SIGN_STYLE = Automatic;
				CURRENT_PROJECT_VERSION = 1;
				DEVELOPMENT_ASSET_PATHS = "\"UnitConverter/Preview Content\"";
				DEVELOPMENT_TEAM = "";
				ENABLE_PREVIEWS = YES;
				GENERATE_INFOPLIST_FILE = NO;
				INFOPLIST_FILE = /Users/bennelson/Documents/Git_Repositories/UnitConverter/UnitConverter/UnitConverter/Info.plist;
				INFOPLIST_KEY_UIApplicationSceneManifest_Generation = YES;
				INFOPLIST_KEY_UIApplicationSupportsIndirectInputEvents = YES;
				INFOPLIST_KEY_UILaunchScreen_Generation = YES;
				INFOPLIST_KEY_UISupportedInterfaceOrientations_iPad = "UIInterfaceOrientationPortrait UIInterfaceOrientationPortraitUpsideDown UIInterfaceOrientationLandscapeLeft UIInterfaceOrientationLandscapeRight";
				INFOPLIST_KEY_UISupportedInterfaceOrientations_iPhone = "UIInterfaceOrientationPortrait UIInterfaceOrientationLandscapeLeft UIInterfaceOrientationLandscapeRight";
				IPHONEOS_DEPLOYMENT_TARGET = 15.2;
				LD_RUNPATH_SEARCH_PATHS = (
					"$(inherited)",
					"@executable_path/Frameworks",
				);
				MARKETING_VERSION = 1.0;
				PRODUCT_BUNDLE_IDENTIFIER = com.twoamdev.UnitConverter;
				PRODUCT_NAME = "$(TARGET_NAME)";
				SWIFT_EMIT_LOC_STRINGS = YES;
				SWIFT_VERSION = 5.0;
				TARGETED_DEVICE_FAMILY = "1,2";
			};
			name = Release;
		};
		9C87FD352949FD5A004B107E /* Debug */ = {
			isa = XCBuildConfiguration;
			buildSettings = {
				BUNDLE_LOADER = "$(TEST_HOST)";
				CODE_SIGN_STYLE = Automatic;
				CURRENT_PROJECT_VERSION = 1;
				DEVELOPMENT_TEAM = 5M5YN995VN;
				GENERATE_INFOPLIST_FILE = YES;
				MARKETING_VERSION = 1.0;
				PRODUCT_BUNDLE_IDENTIFIER = com.twoamdev.UnitConverterTests;
				PRODUCT_NAME = "$(TARGET_NAME)";
				SWIFT_EMIT_LOC_STRINGS = NO;
				SWIFT_VERSION = 5.0;
				TARGETED_DEVICE_FAMILY = "1,2";
				TEST_HOST = "$(BUILT_PRODUCTS_DIR)/UnitConverter.app/UnitConverter";
			};
			name = Debug;
		};
		9C87FD362949FD5A004B107E /* Release */ = {
			isa = XCBuildConfiguration;
			buildSettings = {
				BUNDLE_LOADER = "$(TEST_HOST)";
				CODE_SIGN_STYLE = Automatic;
				CURRENT_PROJECT_VERSION = 1;
				DEVELOPMENT_TEAM = 5M5YN995VN;
				GENERATE_INFOPLIST_FILE = YES;
				MARKETING_VERSION = 1.0;
				PRODUCT_BUNDLE_IDENTIFIER = com.twoamdev.UnitConverterTests;
				PRODUCT_NAME = "$(TARGET_NAME)";
				SWIFT_EMIT_LOC_STRINGS = NO;
				SWIFT_VERSION = 5.0;
				TARGETED_DEVICE_FAMILY = "1,2";
				TEST_HOST = "$(BUILT_PRODUCTS_DIR)/UnitConverter.app/UnitConverter";
			};
			name = Release;
		};
/* End XCBuildConfiguration section */

/* Begin XCConfigurationList section */
		9C87FCC6291DD729004B107E /* Build configuration list for PBXProject "UnitConverter" */ = {
			isa = XCConfigurationList;
			buildConfigurations = (
				9C87FCD7291DD72B004B107E /* Debug */,
				9C87FCD8291DD72B004B107E /* Release */,
			);
			defaultConfigurationIsVisible = 0;
			defaultConfigurationName = Release;
		};
		9C87FCD9291DD72B004B107E /* Build configuration list for PBXNativeTarget "UnitConverter" */ = {
			isa = XCConfigurationList;
			buildConfigurations = (
				9C87FCDA291DD72B004B107E /* Debug */,
				9C87FCDB291DD72B004B107E /* Release */,
			);
			defaultConfigurationIsVisible = 0;
			defaultConfigurationName = Release;
		};
		9C87FD342949FD5A004B107E /* Build configuration list for PBXNativeTarget "UnitConverterTests" */ = {
			isa = XCConfigurationList;
			buildConfigurations = (
				9C87FD352949FD5A004B107E /* Debug */,
				9C87FD362949FD5A004B107E /* Release */,
			);
			defaultConfigurationIsVisible = 0;
			defaultConfigurationName = Release;
		};
/* End XCConfigurationList section */
	};
	rootObject = 9C87FCC3291DD729004B107E /* Project object */;
}
